
Microsoft Visual Studio Solution File, Format Version 12.00
# Visual Studio 2013
VisualStudioVersion = 12.0.21005.1
MinimumVisualStudioVersion = 10.0.40219.1
Project("{FAE04EC0-301F-11D3-BF4B-00C04F79EFBC}") = "Patterns.AbstractFactory", "Patterns.AbstractFactory\Patterns.AbstractFactory.csproj", "{06090211-3F77-4938-854A-26A39A6D9D5F}"
EndProject
Project("{2150E333-8FDC-42A3-9474-1A3956D46DE8}") = "CreationalPatterns", "CreationalPatterns", "{C499693A-146D-4086-BFBD-8BF816EE7B38}"
EndProject
Project("{2150E333-8FDC-42A3-9474-1A3956D46DE8}") = "StructuralPatterns", "StructuralPatterns", "{81D01611-478B-4F18-BA98-39B04D7FAFC9}"
EndProject
Project("{2150E333-8FDC-42A3-9474-1A3956D46DE8}") = "BehavioralPatterns", "BehavioralPatterns", "{A16958A8-016B-4AE8-8959-4D2961023BE5}"
EndProject
Project("{FAE04EC0-301F-11D3-BF4B-00C04F79EFBC}") = "Patterns.Adapter", "Patterns.Adapter\Patterns.Adapter.csproj", "{7B9A3F05-E053-4EE9-AD16-199AE9A7252C}"
EndProject
Project("{FAE04EC0-301F-11D3-BF4B-00C04F79EFBC}") = "Patterns.Bridge", "Patterns.Bridge\Patterns.Bridge.csproj", "{9FD80837-FF70-49B6-B84C-AE506712FF43}"
EndProject
Project("{FAE04EC0-301F-11D3-BF4B-00C04F79EFBC}") = "Patterns.Builder", "Patterns.Builder\Patterns.Builder.csproj", "{2E1DC7D2-7F6A-4625-A0F0-A63DB21E7201}"
EndProject
Project("{FAE04EC0-301F-11D3-BF4B-00C04F79EFBC}") = "Patterns.ChainOfReponsibility", "Patterns.ChainOfReponsibility\Patterns.ChainOfReponsibility.csproj", "{5A375345-62F4-401A-B04C-0588A1416B0C}"
EndProject
Project("{FAE04EC0-301F-11D3-BF4B-00C04F79EFBC}") = "Patterns.Command", "Patterns.Command\Patterns.Command.csproj", "{DDEB1941-7485-4BC2-8CB4-10115028A51D}"
EndProject
Project("{FAE04EC0-301F-11D3-BF4B-00C04F79EFBC}") = "Patterns.Composite", "Patterns.Composite\Patterns.Composite.csproj", "{BBDF23D0-79AA-4A61-A93B-C341D7D9BCD8}"
EndProject
Project("{FAE04EC0-301F-11D3-BF4B-00C04F79EFBC}") = "Patterns.Decorator", "Patterns.Decorator\Patterns.Decorator.csproj", "{04723DFC-40BD-43DA-BE46-D555A6476771}"
EndProject
Project("{FAE04EC0-301F-11D3-BF4B-00C04F79EFBC}") = "Patterns.Facade", "Patterns.Facade\Patterns.Facade.csproj", "{C309FB9E-6A4B-4DAA-B206-460F03B2093D}"
EndProject
Project("{FAE04EC0-301F-11D3-BF4B-00C04F79EFBC}") = "Patterns.FactoryMethod", "Patterns.FactoryMethod\Patterns.FactoryMethod.csproj", "{06FBE2DF-1139-4B53-8B47-F16D56DCDCF0}"
EndProject
Project("{FAE04EC0-301F-11D3-BF4B-00C04F79EFBC}") = "Patterns.Flyweight", "Patterns.Flyweight\Patterns.Flyweight.csproj", "{ECC8E013-4343-4043-BCCE-8159EF41A4C6}"
EndProject
Project("{FAE04EC0-301F-11D3-BF4B-00C04F79EFBC}") = "Patterns.Interpreter", "Patterns.Interpreter\Patterns.Interpreter.csproj", "{B029E6E0-59D3-45F0-B036-CCE92136A017}"
EndProject
Project("{FAE04EC0-301F-11D3-BF4B-00C04F79EFBC}") = "Patterns.Iterator", "Patterns.Iterator\Patterns.Iterator.csproj", "{C8B7B2E2-3AAE-441E-9AB4-131A90438C18}"
EndProject
Project("{FAE04EC0-301F-11D3-BF4B-00C04F79EFBC}") = "Patterns.Mediator", "Patterns.Mediator\Patterns.Mediator.csproj", "{1F568A3A-8A06-435A-8811-ED835D188254}"
EndProject
Project("{FAE04EC0-301F-11D3-BF4B-00C04F79EFBC}") = "Patterns.Memento", "Patterns.Memento\Patterns.Memento.csproj", "{5E16FC1D-E51D-43B1-BDD3-82AE79D8E315}"
EndProject
Project("{FAE04EC0-301F-11D3-BF4B-00C04F79EFBC}") = "Patterns.Observer", "Patterns.Observer\Patterns.Observer.csproj", "{59960CC8-6B4C-49C6-9901-461B18645881}"
EndProject
Project("{FAE04EC0-301F-11D3-BF4B-00C04F79EFBC}") = "Patterns.Prototype", "Patterns.Prototype\Patterns.Prototype.csproj", "{BB0976DC-A6D3-4D3C-9DA7-3A1D5EF7A3D2}"
EndProject
Project("{FAE04EC0-301F-11D3-BF4B-00C04F79EFBC}") = "Patterns.Proxy", "Patterns.Proxy\Patterns.Proxy.csproj", "{67559451-A056-4198-9CD3-1C5AB70FEE3B}"
EndProject
Project("{FAE04EC0-301F-11D3-BF4B-00C04F79EFBC}") = "Patterns.Singleton", "Patterns.Singleton\Patterns.Singleton.csproj", "{A5B22C05-59E4-451E-BE0B-B368DBF36982}"
EndProject
Project("{FAE04EC0-301F-11D3-BF4B-00C04F79EFBC}") = "Patterns.State", "Patterns.State\Patterns.State.csproj", "{88BE4EA4-CBAC-48A9-B506-B15906F39E20}"
EndProject
Project("{FAE04EC0-301F-11D3-BF4B-00C04F79EFBC}") = "Patterns.Strategy", "Patterns.Strategy\Patterns.Strategy.csproj", "{75EAAC31-E335-405A-B6F1-DFE1EC94A1FD}"
EndProject
Project("{FAE04EC0-301F-11D3-BF4B-00C04F79EFBC}") = "Patterns.TemplateMethod", "Patterns.TemplateMethod\Patterns.TemplateMethod.csproj", "{49D32B4A-7E2D-48EF-9A35-72AFD68A9016}"
EndProject
Project("{FAE04EC0-301F-11D3-BF4B-00C04F79EFBC}") = "Patterns.Visitor", "Patterns.Visitor\Patterns.Visitor.csproj", "{E0473390-CD05-4CCB-B06B-873D5B96B8F6}"
EndProject
Global
	GlobalSection(SolutionConfigurationPlatforms) = preSolution
		Debug|Any CPU = Debug|Any CPU
		Release|Any CPU = Release|Any CPU
	EndGlobalSection
	GlobalSection(ProjectConfigurationPlatforms) = postSolution
		{06090211-3F77-4938-854A-26A39A6D9D5F}.Debug|Any CPU.ActiveCfg = Debug|Any CPU
		{06090211-3F77-4938-854A-26A39A6D9D5F}.Debug|Any CPU.Build.0 = Debug|Any CPU
		{06090211-3F77-4938-854A-26A39A6D9D5F}.Release|Any CPU.ActiveCfg = Release|Any CPU
		{06090211-3F77-4938-854A-26A39A6D9D5F}.Release|Any CPU.Build.0 = Release|Any CPU
		{7B9A3F05-E053-4EE9-AD16-199AE9A7252C}.Debug|Any CPU.ActiveCfg = Debug|Any CPU
		{7B9A3F05-E053-4EE9-AD16-199AE9A7252C}.Debug|Any CPU.Build.0 = Debug|Any CPU
		{7B9A3F05-E053-4EE9-AD16-199AE9A7252C}.Release|Any CPU.ActiveCfg = Release|Any CPU
		{7B9A3F05-E053-4EE9-AD16-199AE9A7252C}.Release|Any CPU.Build.0 = Release|Any CPU
		{9FD80837-FF70-49B6-B84C-AE506712FF43}.Debug|Any CPU.ActiveCfg = Debug|Any CPU
		{9FD80837-FF70-49B6-B84C-AE506712FF43}.Debug|Any CPU.Build.0 = Debug|Any CPU
		{9FD80837-FF70-49B6-B84C-AE506712FF43}.Release|Any CPU.ActiveCfg = Release|Any CPU
		{9FD80837-FF70-49B6-B84C-AE506712FF43}.Release|Any CPU.Build.0 = Release|Any CPU
		{2E1DC7D2-7F6A-4625-A0F0-A63DB21E7201}.Debug|Any CPU.ActiveCfg = Debug|Any CPU
		{2E1DC7D2-7F6A-4625-A0F0-A63DB21E7201}.Debug|Any CPU.Build.0 = Debug|Any CPU
		{2E1DC7D2-7F6A-4625-A0F0-A63DB21E7201}.Release|Any CPU.ActiveCfg = Release|Any CPU
		{2E1DC7D2-7F6A-4625-A0F0-A63DB21E7201}.Release|Any CPU.Build.0 = Release|Any CPU
		{5A375345-62F4-401A-B04C-0588A1416B0C}.Debug|Any CPU.ActiveCfg = Debug|Any CPU
		{5A375345-62F4-401A-B04C-0588A1416B0C}.Debug|Any CPU.Build.0 = Debug|Any CPU
		{5A375345-62F4-401A-B04C-0588A1416B0C}.Release|Any CPU.ActiveCfg = Release|Any CPU
		{5A375345-62F4-401A-B04C-0588A1416B0C}.Release|Any CPU.Build.0 = Release|Any CPU
		{DDEB1941-7485-4BC2-8CB4-10115028A51D}.Debug|Any CPU.ActiveCfg = Debug|Any CPU
		{DDEB1941-7485-4BC2-8CB4-10115028A51D}.Debug|Any CPU.Build.0 = Debug|Any CPU
		{DDEB1941-7485-4BC2-8CB4-10115028A51D}.Release|Any CPU.ActiveCfg = Release|Any CPU
		{DDEB1941-7485-4BC2-8CB4-10115028A51D}.Release|Any CPU.Build.0 = Release|Any CPU
		{BBDF23D0-79AA-4A61-A93B-C341D7D9BCD8}.Debug|Any CPU.ActiveCfg = Debug|Any CPU
		{BBDF23D0-79AA-4A61-A93B-C341D7D9BCD8}.Debug|Any CPU.Build.0 = Debug|Any CPU
		{BBDF23D0-79AA-4A61-A93B-C341D7D9BCD8}.Release|Any CPU.ActiveCfg = Release|Any CPU
		{BBDF23D0-79AA-4A61-A93B-C341D7D9BCD8}.Release|Any CPU.Build.0 = Release|Any CPU
		{04723DFC-40BD-43DA-BE46-D555A6476771}.Debug|Any CPU.ActiveCfg = Debug|Any CPU
		{04723DFC-40BD-43DA-BE46-D555A6476771}.Debug|Any CPU.Build.0 = Debug|Any CPU
		{04723DFC-40BD-43DA-BE46-D555A6476771}.Release|Any CPU.ActiveCfg = Release|Any CPU
		{04723DFC-40BD-43DA-BE46-D555A6476771}.Release|Any CPU.Build.0 = Release|Any CPU
		{C309FB9E-6A4B-4DAA-B206-460F03B2093D}.Debug|Any CPU.ActiveCfg = Debug|Any CPU
		{C309FB9E-6A4B-4DAA-B206-460F03B2093D}.Debug|Any CPU.Build.0 = Debug|Any CPU
		{C309FB9E-6A4B-4DAA-B206-460F03B2093D}.Release|Any CPU.ActiveCfg = Release|Any CPU
		{C309FB9E-6A4B-4DAA-B206-460F03B2093D}.Release|Any CPU.Build.0 = Release|Any CPU
		{06FBE2DF-1139-4B53-8B47-F16D56DCDCF0}.Debug|Any CPU.ActiveCfg = Debug|Any CPU
		{06FBE2DF-1139-4B53-8B47-F16D56DCDCF0}.Debug|Any CPU.Build.0 = Debug|Any CPU
		{06FBE2DF-1139-4B53-8B47-F16D56DCDCF0}.Release|Any CPU.ActiveCfg = Release|Any CPU
		{06FBE2DF-1139-4B53-8B47-F16D56DCDCF0}.Release|Any CPU.Build.0 = Release|Any CPU
		{ECC8E013-4343-4043-BCCE-8159EF41A4C6}.Debug|Any CPU.ActiveCfg = Debug|Any CPU
		{ECC8E013-4343-4043-BCCE-8159EF41A4C6}.Debug|Any CPU.Build.0 = Debug|Any CPU
		{ECC8E013-4343-4043-BCCE-8159EF41A4C6}.Release|Any CPU.ActiveCfg = Release|Any CPU
		{ECC8E013-4343-4043-BCCE-8159EF41A4C6}.Release|Any CPU.Build.0 = Release|Any CPU
		{B029E6E0-59D3-45F0-B036-CCE92136A017}.Debug|Any CPU.ActiveCfg = Debug|Any CPU
		{B029E6E0-59D3-45F0-B036-CCE92136A017}.Debug|Any CPU.Build.0 = Debug|Any CPU
		{B029E6E0-59D3-45F0-B036-CCE92136A017}.Release|Any CPU.ActiveCfg = Release|Any CPU
		{B029E6E0-59D3-45F0-B036-CCE92136A017}.Release|Any CPU.Build.0 = Release|Any CPU
		{C8B7B2E2-3AAE-441E-9AB4-131A90438C18}.Debug|Any CPU.ActiveCfg = Debug|Any CPU
		{C8B7B2E2-3AAE-441E-9AB4-131A90438C18}.Debug|Any CPU.Build.0 = Debug|Any CPU
		{C8B7B2E2-3AAE-441E-9AB4-131A90438C18}.Release|Any CPU.ActiveCfg = Release|Any CPU
		{C8B7B2E2-3AAE-441E-9AB4-131A90438C18}.Release|Any CPU.Build.0 = Release|Any CPU
		{1F568A3A-8A06-435A-8811-ED835D188254}.Debug|Any CPU.ActiveCfg = Debug|Any CPU
		{1F568A3A-8A06-435A-8811-ED835D188254}.Debug|Any CPU.Build.0 = Debug|Any CPU
		{1F568A3A-8A06-435A-8811-ED835D188254}.Release|Any CPU.ActiveCfg = Release|Any CPU
		{1F568A3A-8A06-435A-8811-ED835D188254}.Release|Any CPU.Build.0 = Release|Any CPU
		{5E16FC1D-E51D-43B1-BDD3-82AE79D8E315}.Debug|Any CPU.ActiveCfg = Debug|Any CPU
		{5E16FC1D-E51D-43B1-BDD3-82AE79D8E315}.Debug|Any CPU.Build.0 = Debug|Any CPU
		{5E16FC1D-E51D-43B1-BDD3-82AE79D8E315}.Release|Any CPU.ActiveCfg = Release|Any CPU
		{5E16FC1D-E51D-43B1-BDD3-82AE79D8E315}.Release|Any CPU.Build.0 = Release|Any CPU
		{59960CC8-6B4C-49C6-9901-461B18645881}.Debug|Any CPU.ActiveCfg = Debug|Any CPU
		{59960CC8-6B4C-49C6-9901-461B18645881}.Debug|Any CPU.Build.0 = Debug|Any CPU
		{59960CC8-6B4C-49C6-9901-461B18645881}.Release|Any CPU.ActiveCfg = Release|Any CPU
		{59960CC8-6B4C-49C6-9901-461B18645881}.Release|Any CPU.Build.0 = Release|Any CPU
		{BB0976DC-A6D3-4D3C-9DA7-3A1D5EF7A3D2}.Debug|Any CPU.ActiveCfg = Debug|Any CPU
		{BB0976DC-A6D3-4D3C-9DA7-3A1D5EF7A3D2}.Debug|Any CPU.Build.0 = Debug|Any CPU
		{BB0976DC-A6D3-4D3C-9DA7-3A1D5EF7A3D2}.Release|Any CPU.ActiveCfg = Release|Any CPU
		{BB0976DC-A6D3-4D3C-9DA7-3A1D5EF7A3D2}.Release|Any CPU.Build.0 = Release|Any CPU
		{67559451-A056-4198-9CD3-1C5AB70FEE3B}.Debug|Any CPU.ActiveCfg = Debug|Any CPU
		{67559451-A056-4198-9CD3-1C5AB70FEE3B}.Debug|Any CPU.Build.0 = Debug|Any CPU
		{67559451-A056-4198-9CD3-1C5AB70FEE3B}.Release|Any CPU.ActiveCfg = Release|Any CPU
		{67559451-A056-4198-9CD3-1C5AB70FEE3B}.Release|Any CPU.Build.0 = Release|Any CPU
		{A5B22C05-59E4-451E-BE0B-B368DBF36982}.Debug|Any CPU.ActiveCfg = Debug|Any CPU
		{A5B22C05-59E4-451E-BE0B-B368DBF36982}.Debug|Any CPU.Build.0 = Debug|Any CPU
		{A5B22C05-59E4-451E-BE0B-B368DBF36982}.Release|Any CPU.ActiveCfg = Release|Any CPU
		{A5B22C05-59E4-451E-BE0B-B368DBF36982}.Release|Any CPU.Build.0 = Release|Any CPU
		{88BE4EA4-CBAC-48A9-B506-B15906F39E20}.Debug|Any CPU.ActiveCfg = Debug|Any CPU
		{88BE4EA4-CBAC-48A9-B506-B15906F39E20}.Debug|Any CPU.Build.0 = Debug|Any CPU
		{88BE4EA4-CBAC-48A9-B506-B15906F39E20}.Release|Any CPU.ActiveCfg = Release|Any CPU
		{88BE4EA4-CBAC-48A9-B506-B15906F39E20}.Release|Any CPU.Build.0 = Release|Any CPU
		{75EAAC31-E335-405A-B6F1-DFE1EC94A1FD}.Debug|Any CPU.ActiveCfg = Debug|Any CPU
		{75EAAC31-E335-405A-B6F1-DFE1EC94A1FD}.Debug|Any CPU.Build.0 = Debug|Any CPU
		{75EAAC31-E335-405A-B6F1-DFE1EC94A1FD}.Release|Any CPU.ActiveCfg = Release|Any CPU
		{75EAAC31-E335-405A-B6F1-DFE1EC94A1FD}.Release|Any CPU.Build.0 = Release|Any CPU
		{49D32B4A-7E2D-48EF-9A35-72AFD68A9016}.Debug|Any CPU.ActiveCfg = Debug|Any CPU
		{49D32B4A-7E2D-48EF-9A35-72AFD68A9016}.Debug|Any CPU.Build.0 = Debug|Any CPU
		{49D32B4A-7E2D-48EF-9A35-72AFD68A9016}.Release|Any CPU.ActiveCfg = Release|Any CPU
		{49D32B4A-7E2D-48EF-9A35-72AFD68A9016}.Release|Any CPU.Build.0 = Release|Any CPU
		{E0473390-CD05-4CCB-B06B-873D5B96B8F6}.Debug|Any CPU.ActiveCfg = Debug|Any CPU
		{E0473390-CD05-4CCB-B06B-873D5B96B8F6}.Debug|Any CPU.Build.0 = Debug|Any CPU
		{E0473390-CD05-4CCB-B06B-873D5B96B8F6}.Release|Any CPU.ActiveCfg = Release|Any CPU
		{E0473390-CD05-4CCB-B06B-873D5B96B8F6}.Release|Any CPU.Build.0 = Release|Any CPU
	EndGlobalSection
	GlobalSection(SolutionProperties) = preSolution
		HideSolutionNode = FALSE
	EndGlobalSection
	GlobalSection(NestedProjects) = preSolution
		{06FBE2DF-1139-4B53-8B47-F16D56DCDCF0} = {C499693A-146D-4086-BFBD-8BF816EE7B38}
		{06090211-3F77-4938-854A-26A39A6D9D5F} = {C499693A-146D-4086-BFBD-8BF816EE7B38}
		{2E1DC7D2-7F6A-4625-A0F0-A63DB21E7201} = {C499693A-146D-4086-BFBD-8BF816EE7B38}
		{BB0976DC-A6D3-4D3C-9DA7-3A1D5EF7A3D2} = {C499693A-146D-4086-BFBD-8BF816EE7B38}
		{A5B22C05-59E4-451E-BE0B-B368DBF36982} = {C499693A-146D-4086-BFBD-8BF816EE7B38}
		{7B9A3F05-E053-4EE9-AD16-199AE9A7252C} = {81D01611-478B-4F18-BA98-39B04D7FAFC9}
		{9FD80837-FF70-49B6-B84C-AE506712FF43} = {81D01611-478B-4F18-BA98-39B04D7FAFC9}
		{BBDF23D0-79AA-4A61-A93B-C341D7D9BCD8} = {81D01611-478B-4F18-BA98-39B04D7FAFC9}
		{04723DFC-40BD-43DA-BE46-D555A6476771} = {81D01611-478B-4F18-BA98-39B04D7FAFC9}
		{C309FB9E-6A4B-4DAA-B206-460F03B2093D} = {81D01611-478B-4F18-BA98-39B04D7FAFC9}
		{ECC8E013-4343-4043-BCCE-8159EF41A4C6} = {81D01611-478B-4F18-BA98-39B04D7FAFC9}
		{67559451-A056-4198-9CD3-1C5AB70FEE3B} = {81D01611-478B-4F18-BA98-39B04D7FAFC9}
		{5A375345-62F4-401A-B04C-0588A1416B0C} = {A16958A8-016B-4AE8-8959-4D2961023BE5}
		{DDEB1941-7485-4BC2-8CB4-10115028A51D} = {A16958A8-016B-4AE8-8959-4D2961023BE5}
		{B029E6E0-59D3-45F0-B036-CCE92136A017} = {A16958A8-016B-4AE8-8959-4D2961023BE5}
		{C8B7B2E2-3AAE-441E-9AB4-131A90438C18} = {A16958A8-016B-4AE8-8959-4D2961023BE5}
		{1F568A3A-8A06-435A-8811-ED835D188254} = {A16958A8-016B-4AE8-8959-4D2961023BE5}
		{5E16FC1D-E51D-43B1-BDD3-82AE79D8E315} = {A16958A8-016B-4AE8-8959-4D2961023BE5}
		{59960CC8-6B4C-49C6-9901-461B18645881} = {A16958A8-016B-4AE8-8959-4D2961023BE5}
		{88BE4EA4-CBAC-48A9-B506-B15906F39E20} = {A16958A8-016B-4AE8-8959-4D2961023BE5}
		{75EAAC31-E335-405A-B6F1-DFE1EC94A1FD} = {A16958A8-016B-4AE8-8959-4D2961023BE5}
		{49D32B4A-7E2D-48EF-9A35-72AFD68A9016} = {A16958A8-016B-4AE8-8959-4D2961023BE5}
		{E0473390-CD05-4CCB-B06B-873D5B96B8F6} = {A16958A8-016B-4AE8-8959-4D2961023BE5}
	EndGlobalSection
EndGlobal
